
Microsoft Visual Studio Solution File, Format Version 12.00
# Visual Studio 2015
Project("{FAE04EC0-301F-11D3-BF4B-00C04F79EFBC}") = "RamboKillsTeddyBears-master.CSharp", "RamboKillsTeddyBears-master.CSharp.csproj", "{D844897B-605B-99E0-729C-2EF01F581D2F}"
EndProject
Global
	GlobalSection(SolutionConfigurationPlatforms) = preSolution
		Debug|Any CPU = Debug|Any CPU
		Release|Any CPU = Release|Any CPU
	EndGlobalSection
	GlobalSection(ProjectConfigurationPlatforms) = postSolution
		{D844897B-605B-99E0-729C-2EF01F581D2F}.Debug|Any CPU.ActiveCfg = Debug|Any CPU
		{D844897B-605B-99E0-729C-2EF01F581D2F}.Debug|Any CPU.Build.0 = Debug|Any CPU
		{D844897B-605B-99E0-729C-2EF01F581D2F}.Release|Any CPU.ActiveCfg = Release|Any CPU
		{D844897B-605B-99E0-729C-2EF01F581D2F}.Release|Any CPU.Build.0 = Release|Any CPU
	EndGlobalSection
	GlobalSection(SolutionProperties) = preSolution
		HideSolutionNode = FALSE
	EndGlobalSection
EndGlobal
