
Microsoft Visual Studio Solution File, Format Version 12.00
# Visual Studio 14
VisualStudioVersion = 14.0.25420.1
MinimumVisualStudioVersion = 10.0.40219.1
Project("{8BC9CEB8-8B4A-11D0-8D11-00A0C91BC942}") = "DLLTEST", "DLLTEST.vcxproj", "{FE7EBB31-1A62-4BAB-8FB2-1F8508914FEF}"
EndProject
Global
	GlobalSection(SolutionConfigurationPlatforms) = preSolution
		Debug|x64 = Debug|x64
		Debug|x86 = Debug|x86
		Release|x64 = Release|x64
		Release|x86 = Release|x86
	EndGlobalSection
	GlobalSection(ProjectConfigurationPlatforms) = postSolution
		{FE7EBB31-1A62-4BAB-8FB2-1F8508914FEF}.Debug|x64.ActiveCfg = Debug|x64
		{FE7EBB31-1A62-4BAB-8FB2-1F8508914FEF}.Debug|x64.Build.0 = Debug|x64
		{FE7EBB31-1A62-4BAB-8FB2-1F8508914FEF}.Debug|x86.ActiveCfg = Debug|x64
		{FE7EBB31-1A62-4BAB-8FB2-1F8508914FEF}.Debug|x86.Build.0 = Debug|x64
		{FE7EBB31-1A62-4BAB-8FB2-1F8508914FEF}.Release|x64.ActiveCfg = Release|x64
		{FE7EBB31-1A62-4BAB-8FB2-1F8508914FEF}.Release|x64.Build.0 = Release|x64
		{FE7EBB31-1A62-4BAB-8FB2-1F8508914FEF}.Release|x86.ActiveCfg = Release|Win32
		{FE7EBB31-1A62-4BAB-8FB2-1F8508914FEF}.Release|x86.Build.0 = Release|Win32
	EndGlobalSection
	GlobalSection(SolutionProperties) = preSolution
		HideSolutionNode = FALSE
	EndGlobalSection
EndGlobal
